<?xml version="1.0" encoding="UTF-8" standalone="yes" ?>
<CodeBlocks_project_file>
	<FileVersion major="1" minor="6" />
	<Project>
		<Option title="edio24cli" />
		<Option pch_mode="2" />
		<Option compiler="gcc" />
		<Build>
			<Target title="Debug">
				<Option output="bin/Debug/edio24cli" prefix_auto="1" extension_auto="1" />
				<Option object_output="obj/Debug/" />
				<Option type="1" />
				<Option compiler="gcc" />
				<Compiler>
					<Add option="-g" />
					<Add option="-DDEBUG=1" />
				</Compiler>
				<Linker>
					<Add option="-luv" />
				</Linker>
			</Target>
			<Target title="Release">
				<Option output="bin/Release/edio24cli" prefix_auto="1" extension_auto="1" />
				<Option object_output="obj/Release/" />
				<Option type="1" />
				<Option compiler="gcc" />
				<Compiler>
					<Add option="-O2" />
				</Compiler>
				<Linker>
					<Add option="-s" />
				</Linker>
			</Target>
		</Build>
		<Compiler>
			<Add option="-Wall" />
			<Add option="-DUSE_EDIO24_SERVER=1" />
			<Add directory="../include" />
			<Add directory="../src" />
			<Add directory="../utils" />
		</Compiler>
		<Linker>
			<Add directory="../src" />
		</Linker>
		<Unit filename="../include/libedio24.h" />
		<Unit filename="../src/libedio24.c">
			<Option compilerVar="CC" />
		</Unit>
		<Unit filename="../utils/edio24cli.c">
			<Option compilerVar="CC" />
		</Unit>
		<Unit filename="../utils/utils.c">
			<Option compilerVar="CC" />
		</Unit>
		<Unit filename="../utils/utils.h" />
		<Extensions>
			<code_completion />
			<debugger />
		</Extensions>
	</Project>
</CodeBlocks_project_file>
